
Microsoft Visual Studio Solution File, Format Version 12.00
Project("{FAE04EC0-301F-11D3-BF4B-00C04F79EFBC}") = "DotNetNativeCrypto", "DotNetNativeCrypto\DotNetNativeCrypto.csproj", "{D2CDD973-7A2D-4FF5-B675-E741B0F5DAA3}"
EndProject
Global
	GlobalSection(SolutionConfigurationPlatforms) = preSolution
		Debug|Any CPU = Debug|Any CPU
		Release|Any CPU = Release|Any CPU
	EndGlobalSection
	GlobalSection(ProjectConfigurationPlatforms) = postSolution
		{D2CDD973-7A2D-4FF5-B675-E741B0F5DAA3}.Debug|Any CPU.ActiveCfg = Debug|Any CPU
		{D2CDD973-7A2D-4FF5-B675-E741B0F5DAA3}.Debug|Any CPU.Build.0 = Debug|Any CPU
		{D2CDD973-7A2D-4FF5-B675-E741B0F5DAA3}.Release|Any CPU.ActiveCfg = Release|Any CPU
		{D2CDD973-7A2D-4FF5-B675-E741B0F5DAA3}.Release|Any CPU.Build.0 = Release|Any CPU
	EndGlobalSection
EndGlobal
